
Microsoft Visual Studio Solution File, Format Version 12.00
Project("{FAE04EC0-301F-11D3-BF4B-00C04F79EFBC}") = "avsda", "avsda\avsda.csproj", "{24E4C864-382E-44F3-A43E-28E96F973A97}"
EndProject
Global
	GlobalSection(SolutionConfigurationPlatforms) = preSolution
		Debug|Any CPU = Debug|Any CPU
		Release|Any CPU = Release|Any CPU
	EndGlobalSection
	GlobalSection(ProjectConfigurationPlatforms) = postSolution
		{24E4C864-382E-44F3-A43E-28E96F973A97}.Debug|Any CPU.ActiveCfg = Debug|Any CPU
		{24E4C864-382E-44F3-A43E-28E96F973A97}.Debug|Any CPU.Build.0 = Debug|Any CPU
		{24E4C864-382E-44F3-A43E-28E96F973A97}.Release|Any CPU.ActiveCfg = Release|Any CPU
		{24E4C864-382E-44F3-A43E-28E96F973A97}.Release|Any CPU.Build.0 = Release|Any CPU
	EndGlobalSection
EndGlobal
